// !$*UTF8*$!
{
	archiveVersion = 1;
	classes = {
	};
	objectVersion = 56;
	objects = {

/* Begin PBXBuildFile section */
		7BC074282A161693004937ED /* RetailAppApp.swift in Sources */ = {isa = PBXBuildFile; fileRef = 7BC074272A161693004937ED /* RetailAppApp.swift */; };
		7BC0742A2A161693004937ED /* ContentView.swift in Sources */ = {isa = PBXBuildFile; fileRef = 7BC074292A161693004937ED /* ContentView.swift */; };
		7BC0742C2A161694004937ED /* Assets.xcassets in Resources */ = {isa = PBXBuildFile; fileRef = 7BC0742B2A161694004937ED /* Assets.xcassets */; };
		7BC074302A161694004937ED /* Preview Assets.xcassets in Resources */ = {isa = PBXBuildFile; fileRef = 7BC0742F2A161694004937ED /* Preview Assets.xcassets */; };
		7BC0743A2A161694004937ED /* RetailAppTests.swift in Sources */ = {isa = PBXBuildFile; fileRef = 7BC074392A161694004937ED /* RetailAppTests.swift */; };
		7BC074442A161694004937ED /* RetailAppUITests.swift in Sources */ = {isa = PBXBuildFile; fileRef = 7BC074432A161694004937ED /* RetailAppUITests.swift */; };
		7BC074462A161694004937ED /* RetailAppUITestsLaunchTests.swift in Sources */ = {isa = PBXBuildFile; fileRef = 7BC074452A161694004937ED /* RetailAppUITestsLaunchTests.swift */; };
/* End PBXBuildFile section */

/* Begin PBXContainerItemProxy section */
		7BC074362A161694004937ED /* PBXContainerItemProxy */ = {
			isa = PBXContainerItemProxy;
			containerPortal = 7BC0741C2A161693004937ED /* Project object */;
			proxyType = 1;
			remoteGlobalIDString = 7BC074232A161693004937ED;
			remoteInfo = RetailApp;
		};
		7BC074402A161694004937ED /* PBXContainerItemProxy */ = {
			isa = PBXContainerItemProxy;
			containerPortal = 7BC0741C2A161693004937ED /* Project object */;
			proxyType = 1;
			remoteGlobalIDString = 7BC074232A161693004937ED;
			remoteInfo = RetailApp;
		};
/* End PBXContainerItemProxy section */

/* Begin PBXFileReference section */
		7BC074242A161693004937ED /* RetailApp.app */ = {isa = PBXFileReference; explicitFileType = wrapper.application; includeInIndex = 0; path = RetailApp.app; sourceTree = BUILT_PRODUCTS_DIR; };
		7BC074272A161693004937ED /* RetailAppApp.swift */ = {isa = PBXFileReference; lastKnownFileType = sourcecode.swift; path = RetailAppApp.swift; sourceTree = "<group>"; };
		7BC074292A161693004937ED /* ContentView.swift */ = {isa = PBXFileReference; lastKnownFileType = sourcecode.swift; path = ContentView.swift; sourceTree = "<group>"; };
		7BC0742B2A161694004937ED /* Assets.xcassets */ = {isa = PBXFileReference; lastKnownFileType = folder.assetcatalog; path = Assets.xcassets; sourceTree = "<group>"; };
		7BC0742D2A161694004937ED /* RetailApp.entitlements */ = {isa = PBXFileReference; lastKnownFileType = text.plist.entitlements; path = RetailApp.entitlements; sourceTree = "<group>"; };
		7BC0742F2A161694004937ED /* Preview Assets.xcassets */ = {isa = PBXFileReference; lastKnownFileType = folder.assetcatalog; path = "Preview Assets.xcassets"; sourceTree = "<group>"; };
		7BC074352A161694004937ED /* RetailAppTests.xctest */ = {isa = PBXFileReference; explicitFileType = wrapper.cfbundle; includeInIndex = 0; path = RetailAppTests.xctest; sourceTree = BUILT_PRODUCTS_DIR; };
		7BC074392A161694004937ED /* RetailAppTests.swift */ = {isa = PBXFileReference; lastKnownFileType = sourcecode.swift; path = RetailAppTests.swift; sourceTree = "<group>"; };
		7BC0743F2A161694004937ED /* RetailAppUITests.xctest */ = {isa = PBXFileReference; explicitFileType = wrapper.cfbundle; includeInIndex = 0; path = RetailAppUITests.xctest; sourceTree = BUILT_PRODUCTS_DIR; };
		7BC074432A161694004937ED /* RetailAppUITests.swift */ = {isa = PBXFileReference; lastKnownFileType = sourcecode.swift; path = RetailAppUITests.swift; sourceTree = "<group>"; };
		7BC074452A161694004937ED /* RetailAppUITestsLaunchTests.swift */ = {isa = PBXFileReference; lastKnownFileType = sourcecode.swift; path = RetailAppUITestsLaunchTests.swift; sourceTree = "<group>"; };
		7BC074532A1616B2004937ED /* Config.xcconfig */ = {isa = PBXFileReference; lastKnownFileType = text.xcconfig; path = Config.xcconfig; sourceTree = "<group>"; };
		7BC074542A1616BE004937ED /* Config-Debug.xcconfig */ = {isa = PBXFileReference; lastKnownFileType = text.xcconfig; path = "Config-Debug.xcconfig"; sourceTree = "<group>"; };
		7BC074552A1616C8004937ED /* Config-Release.xcconfig */ = {isa = PBXFileReference; lastKnownFileType = text.xcconfig; path = "Config-Release.xcconfig"; sourceTree = "<group>"; };
/* End PBXFileReference section */

/* Begin PBXFrameworksBuildPhase section */
		7BC074212A161693004937ED /* Frameworks */ = {
			isa = PBXFrameworksBuildPhase;
			buildActionMask = 2147483647;
			files = (
			);
			runOnlyForDeploymentPostprocessing = 0;
		};
		7BC074322A161694004937ED /* Frameworks */ = {
			isa = PBXFrameworksBuildPhase;
			buildActionMask = 2147483647;
			files = (
			);
			runOnlyForDeploymentPostprocessing = 0;
		};
		7BC0743C2A161694004937ED /* Frameworks */ = {
			isa = PBXFrameworksBuildPhase;
			buildActionMask = 2147483647;
			files = (
			);
			runOnlyForDeploymentPostprocessing = 0;
		};
/* End PBXFrameworksBuildPhase section */

/* Begin PBXGroup section */
		7BC0741B2A161693004937ED = {
			isa = PBXGroup;
			children = (
				7BC074522A1616A3004937ED /* Configuration */,
				7BC074262A161693004937ED /* RetailApp */,
				7BC074382A161694004937ED /* RetailAppTests */,
				7BC074422A161694004937ED /* RetailAppUITests */,
				7BC074252A161693004937ED /* Products */,
			);
			sourceTree = "<group>";
		};
		7BC074252A161693004937ED /* Products */ = {
			isa = PBXGroup;
			children = (
				7BC074242A161693004937ED /* RetailApp.app */,
				7BC074352A161694004937ED /* RetailAppTests.xctest */,
				7BC0743F2A161694004937ED /* RetailAppUITests.xctest */,
			);
			name = Products;
			sourceTree = "<group>";
		};
		7BC074262A161693004937ED /* RetailApp */ = {
			isa = PBXGroup;
			children = (
				7BC074272A161693004937ED /* RetailAppApp.swift */,
				7BC074292A161693004937ED /* ContentView.swift */,
				7BC0742B2A161694004937ED /* Assets.xcassets */,
				7BC0742D2A161694004937ED /* RetailApp.entitlements */,
				7BC0742E2A161694004937ED /* Preview Content */,
			);
			path = RetailApp;
			sourceTree = "<group>";
		};
		7BC0742E2A161694004937ED /* Preview Content */ = {
			isa = PBXGroup;
			children = (
				7BC0742F2A161694004937ED /* Preview Assets.xcassets */,
			);
			path = "Preview Content";
			sourceTree = "<group>";
		};
		7BC074382A161694004937ED /* RetailAppTests */ = {
			isa = PBXGroup;
			children = (
				7BC074392A161694004937ED /* RetailAppTests.swift */,
			);
			path = RetailAppTests;
			sourceTree = "<group>";
		};
		7BC074422A161694004937ED /* RetailAppUITests */ = {
			isa = PBXGroup;
			children = (
				7BC074432A161694004937ED /* RetailAppUITests.swift */,
				7BC074452A161694004937ED /* RetailAppUITestsLaunchTests.swift */,
			);
			path = RetailAppUITests;
			sourceTree = "<group>";
		};
		7BC074522A1616A3004937ED /* Configuration */ = {
			isa = PBXGroup;
			children = (
				7BC074532A1616B2004937ED /* Config.xcconfig */,
				7BC074542A1616BE004937ED /* Config-Debug.xcconfig */,
				7BC074552A1616C8004937ED /* Config-Release.xcconfig */,
			);
			path = Configuration;
			sourceTree = "<group>";
		};
/* End PBXGroup section */

/* Begin PBXNativeTarget section */
		7BC074232A161693004937ED /* RetailApp */ = {
			isa = PBXNativeTarget;
			buildConfigurationList = 7BC074492A161694004937ED /* Build configuration list for PBXNativeTarget "RetailApp" */;
			buildPhases = (
				7BC074202A161693004937ED /* Sources */,
				7BC074212A161693004937ED /* Frameworks */,
				7BC074222A161693004937ED /* Resources */,
			);
			buildRules = (
			);
			dependencies = (
			);
			name = RetailApp;
			productName = RetailApp;
			productReference = 7BC074242A161693004937ED /* RetailApp.app */;
			productType = "com.apple.product-type.application";
		};
		7BC074342A161694004937ED /* RetailAppTests */ = {
			isa = PBXNativeTarget;
			buildConfigurationList = 7BC0744C2A161694004937ED /* Build configuration list for PBXNativeTarget "RetailAppTests" */;
			buildPhases = (
				7BC074312A161694004937ED /* Sources */,
				7BC074322A161694004937ED /* Frameworks */,
				7BC074332A161694004937ED /* Resources */,
			);
			buildRules = (
			);
			dependencies = (
				7BC074372A161694004937ED /* PBXTargetDependency */,
			);
			name = RetailAppTests;
			productName = RetailAppTests;
			productReference = 7BC074352A161694004937ED /* RetailAppTests.xctest */;
			productType = "com.apple.product-type.bundle.unit-test";
		};
		7BC0743E2A161694004937ED /* RetailAppUITests */ = {
			isa = PBXNativeTarget;
			buildConfigurationList = 7BC0744F2A161694004937ED /* Build configuration list for PBXNativeTarget "RetailAppUITests" */;
			buildPhases = (
				7BC0743B2A161694004937ED /* Sources */,
				7BC0743C2A161694004937ED /* Frameworks */,
				7BC0743D2A161694004937ED /* Resources */,
			);
			buildRules = (
			);
			dependencies = (
				7BC074412A161694004937ED /* PBXTargetDependency */,
			);
			name = RetailAppUITests;
			productName = RetailAppUITests;
			productReference = 7BC0743F2A161694004937ED /* RetailAppUITests.xctest */;
			productType = "com.apple.product-type.bundle.ui-testing";
		};
/* End PBXNativeTarget section */

/* Begin PBXProject section */
		7BC0741C2A161693004937ED /* Project object */ = {
			isa = PBXProject;
			attributes = {
				BuildIndependentTargetsInParallel = 1;
				LastSwiftUpdateCheck = 1430;
				LastUpgradeCheck = 1430;
				TargetAttributes = {
					7BC074232A161693004937ED = {
						CreatedOnToolsVersion = 14.3;
					};
					7BC074342A161694004937ED = {
						CreatedOnToolsVersion = 14.3;
						TestTargetID = 7BC074232A161693004937ED;
					};
					7BC0743E2A161694004937ED = {
						CreatedOnToolsVersion = 14.3;
						TestTargetID = 7BC074232A161693004937ED;
					};
				};
			};
			buildConfigurationList = 7BC0741F2A161693004937ED /* Build configuration list for PBXProject "RetailApp" */;
			compatibilityVersion = "Xcode 14.0";
			developmentRegion = en;
			hasScannedForEncodings = 0;
			knownRegions = (
				en,
				Base,
			);
			mainGroup = 7BC0741B2A161693004937ED;
			productRefGroup = 7BC074252A161693004937ED /* Products */;
			projectDirPath = "";
			projectRoot = "";
			targets = (
				7BC074232A161693004937ED /* RetailApp */,
				7BC074342A161694004937ED /* RetailAppTests */,
				7BC0743E2A161694004937ED /* RetailAppUITests */,
			);
		};
/* End PBXProject section */

/* Begin PBXResourcesBuildPhase section */
		7BC074222A161693004937ED /* Resources */ = {
			isa = PBXResourcesBuildPhase;
			buildActionMask = 2147483647;
			files = (
				7BC074302A161694004937ED /* Preview Assets.xcassets in Resources */,
				7BC0742C2A161694004937ED /* Assets.xcassets in Resources */,
			);
			runOnlyForDeploymentPostprocessing = 0;
		};
		7BC074332A161694004937ED /* Resources */ = {
			isa = PBXResourcesBuildPhase;
			buildActionMask = 2147483647;
			files = (
			);
			runOnlyForDeploymentPostprocessing = 0;
		};
		7BC0743D2A161694004937ED /* Resources */ = {
			isa = PBXResourcesBuildPhase;
			buildActionMask = 2147483647;
			files = (
			);
			runOnlyForDeploymentPostprocessing = 0;
		};
/* End PBXResourcesBuildPhase section */

/* Begin PBXSourcesBuildPhase section */
		7BC074202A161693004937ED /* Sources */ = {
			isa = PBXSourcesBuildPhase;
			buildActionMask = 2147483647;
			files = (
				7BC0742A2A161693004937ED /* ContentView.swift in Sources */,
				7BC074282A161693004937ED /* RetailAppApp.swift in Sources */,
			);
			runOnlyForDeploymentPostprocessing = 0;
		};
		7BC074312A161694004937ED /* Sources */ = {
			isa = PBXSourcesBuildPhase;
			buildActionMask = 2147483647;
			files = (
				7BC0743A2A161694004937ED /* RetailAppTests.swift in Sources */,
			);
			runOnlyForDeploymentPostprocessing = 0;
		};
		7BC0743B2A161694004937ED /* Sources */ = {
			isa = PBXSourcesBuildPhase;
			buildActionMask = 2147483647;
			files = (
				7BC074442A161694004937ED /* RetailAppUITests.swift in Sources */,
				7BC074462A161694004937ED /* RetailAppUITestsLaunchTests.swift in Sources */,
			);
			runOnlyForDeploymentPostprocessing = 0;
		};
/* End PBXSourcesBuildPhase section */

/* Begin PBXTargetDependency section */
		7BC074372A161694004937ED /* PBXTargetDependency */ = {
			isa = PBXTargetDependency;
			target = 7BC074232A161693004937ED /* RetailApp */;
			targetProxy = 7BC074362A161694004937ED /* PBXContainerItemProxy */;
		};
		7BC074412A161694004937ED /* PBXTargetDependency */ = {
			isa = PBXTargetDependency;
			target = 7BC074232A161693004937ED /* RetailApp */;
			targetProxy = 7BC074402A161694004937ED /* PBXContainerItemProxy */;
		};
/* End PBXTargetDependency section */

/* Begin XCBuildConfiguration section */
		7BC074472A161694004937ED /* Debug */ = {
			isa = XCBuildConfiguration;
			baseConfigurationReference = 7BC074542A1616BE004937ED /* Config-Debug.xcconfig */;
			buildSettings = {
				ALWAYS_SEARCH_USER_PATHS = NO;
				CLANG_ANALYZER_NONNULL = YES;
				CLANG_ANALYZER_NUMBER_OBJECT_CONVERSION = YES_AGGRESSIVE;
				CLANG_CXX_LANGUAGE_STANDARD = "gnu++20";
				CLANG_ENABLE_MODULES = YES;
				CLANG_ENABLE_OBJC_ARC = YES;
				CLANG_ENABLE_OBJC_WEAK = YES;
				CLANG_WARN_BLOCK_CAPTURE_AUTORELEASING = YES;
				CLANG_WARN_BOOL_CONVERSION = YES;
				CLANG_WARN_COMMA = YES;
				CLANG_WARN_CONSTANT_CONVERSION = YES;
				CLANG_WARN_DEPRECATED_OBJC_IMPLEMENTATIONS = YES;
				CLANG_WARN_DIRECT_OBJC_ISA_USAGE = YES_ERROR;
				CLANG_WARN_DOCUMENTATION_COMMENTS = YES;
				CLANG_WARN_EMPTY_BODY = YES;
				CLANG_WARN_ENUM_CONVERSION = YES;
				CLANG_WARN_INFINITE_RECURSION = YES;
				CLANG_WARN_INT_CONVERSION = YES;
				CLANG_WARN_NON_LITERAL_NULL_CONVERSION = YES;
				CLANG_WARN_OBJC_IMPLICIT_RETAIN_SELF = YES;
				CLANG_WARN_OBJC_LITERAL_CONVERSION = YES;
				CLANG_WARN_OBJC_ROOT_CLASS = YES_ERROR;
				CLANG_WARN_QUOTED_INCLUDE_IN_FRAMEWORK_HEADER = YES;
				CLANG_WARN_RANGE_LOOP_ANALYSIS = YES;
				CLANG_WARN_STRICT_PROTOTYPES = YES;
				CLANG_WARN_SUSPICIOUS_MOVE = YES;
				CLANG_WARN_UNGUARDED_AVAILABILITY = YES_AGGRESSIVE;
				CLANG_WARN_UNREACHABLE_CODE = YES;
				CLANG_WARN__DUPLICATE_METHOD_MATCH = YES;
				COPY_PHASE_STRIP = NO;
				DEBUG_INFORMATION_FORMAT = dwarf;
				ENABLE_STRICT_OBJC_MSGSEND = YES;
				ENABLE_TESTABILITY = YES;
				GCC_C_LANGUAGE_STANDARD = gnu11;
				GCC_DYNAMIC_NO_PIC = NO;
				GCC_NO_COMMON_BLOCKS = YES;
				GCC_OPTIMIZATION_LEVEL = 0;
				GCC_PREPROCESSOR_DEFINITIONS = (
					"DEBUG=1",
					"$(inherited)",
				);
				GCC_WARN_64_TO_32_BIT_CONVERSION = YES;
				GCC_WARN_ABOUT_RETURN_TYPE = YES_ERROR;
				GCC_WARN_UNDECLARED_SELECTOR = YES;
				GCC_WARN_UNINITIALIZED_AUTOS = YES_AGGRESSIVE;
				GCC_WARN_UNUSED_FUNCTION = YES;
				GCC_WARN_UNUSED_VARIABLE = YES;
				MTL_ENABLE_DEBUG_INFO = INCLUDE_SOURCE;
				MTL_FAST_MATH = YES;
				ONLY_ACTIVE_ARCH = YES;
				SWIFT_ACTIVE_COMPILATION_CONDITIONS = DEBUG;
				SWIFT_OPTIMIZATION_LEVEL = "-Onone";
			};
			name = Debug;
		};
		7BC074482A161694004937ED /* Release */ = {
			isa = XCBuildConfiguration;
			baseConfigurationReference = 7BC074552A1616C8004937ED /* Config-Release.xcconfig */;
			buildSettings = {
				ALWAYS_SEARCH_USER_PATHS = NO;
				CLANG_ANALYZER_NONNULL = YES;
				CLANG_ANALYZER_NUMBER_OBJECT_CONVERSION = YES_AGGRESSIVE;
				CLANG_CXX_LANGUAGE_STANDARD = "gnu++20";
				CLANG_ENABLE_MODULES = YES;
				CLANG_ENABLE_OBJC_ARC = YES;
				CLANG_ENABLE_OBJC_WEAK = YES;
				CLANG_WARN_BLOCK_CAPTURE_AUTORELEASING = YES;
				CLANG_WARN_BOOL_CONVERSION = YES;
				CLANG_WARN_COMMA = YES;
				CLANG_WARN_CONSTANT_CONVERSION = YES;
				CLANG_WARN_DEPRECATED_OBJC_IMPLEMENTATIONS = YES;
				CLANG_WARN_DIRECT_OBJC_ISA_USAGE = YES_ERROR;
				CLANG_WARN_DOCUMENTATION_COMMENTS = YES;
				CLANG_WARN_EMPTY_BODY = YES;
				CLANG_WARN_ENUM_CONVERSION = YES;
				CLANG_WARN_INFINITE_RECURSION = YES;
				CLANG_WARN_INT_CONVERSION = YES;
				CLANG_WARN_NON_LITERAL_NULL_CONVERSION = YES;
				CLANG_WARN_OBJC_IMPLICIT_RETAIN_SELF = YES;
				CLANG_WARN_OBJC_LITERAL_CONVERSION = YES;
				CLANG_WARN_OBJC_ROOT_CLASS = YES_ERROR;
				CLANG_WARN_QUOTED_INCLUDE_IN_FRAMEWORK_HEADER = YES;
				CLANG_WARN_RANGE_LOOP_ANALYSIS = YES;
				CLANG_WARN_STRICT_PROTOTYPES = YES;
				CLANG_WARN_SUSPICIOUS_MOVE = YES;
				CLANG_WARN_UNGUARDED_AVAILABILITY = YES_AGGRESSIVE;
				CLANG_WARN_UNREACHABLE_CODE = YES;
				CLANG_WARN__DUPLICATE_METHOD_MATCH = YES;
				COPY_PHASE_STRIP = NO;
				DEBUG_INFORMATION_FORMAT = "dwarf-with-dsym";
				ENABLE_NS_ASSERTIONS = NO;
				ENABLE_STRICT_OBJC_MSGSEND = YES;
				GCC_C_LANGUAGE_STANDARD = gnu11;
				GCC_NO_COMMON_BLOCKS = YES;
				GCC_WARN_64_TO_32_BIT_CONVERSION = YES;
				GCC_WARN_ABOUT_RETURN_TYPE = YES_ERROR;
				GCC_WARN_UNDECLARED_SELECTOR = YES;
				GCC_WARN_UNINITIALIZED_AUTOS = YES_AGGRESSIVE;
				GCC_WARN_UNUSED_FUNCTION = YES;
				GCC_WARN_UNUSED_VARIABLE = YES;
				MTL_ENABLE_DEBUG_INFO = NO;
				MTL_FAST_MATH = YES;
				SWIFT_COMPILATION_MODE = wholemodule;
				SWIFT_OPTIMIZATION_LEVEL = "-O";
			};
			name = Release;
		};
		7BC0744A2A161694004937ED /* Debug */ = {
			isa = XCBuildConfiguration;
			baseConfigurationReference = 7BC074532A1616B2004937ED /* Config.xcconfig */;
			buildSettings = {
				ASSETCATALOG_COMPILER_APPICON_NAME = "${ASSETCATALOG_COMPILER_APPICON_NAME}";
				ASSETCATALOG_COMPILER_GLOBAL_ACCENT_COLOR_NAME = AccentColor;
				CODE_SIGN_ENTITLEMENTS = RetailApp/RetailApp.entitlements;
				CODE_SIGN_STYLE = Automatic;
				CURRENT_PROJECT_VERSION = 1;
				DEVELOPMENT_ASSET_PATHS = "\"RetailApp/Preview Content\"";
				DEVELOPMENT_TEAM = 87TJZ5Q7TH;
				ENABLE_HARDENED_RUNTIME = YES;
				ENABLE_PREVIEWS = YES;
				GENERATE_INFOPLIST_FILE = YES;
				"INFOPLIST_KEY_UIApplicationSceneManifest_Generation[sdk=iphoneos*]" = YES;
				"INFOPLIST_KEY_UIApplicationSceneManifest_Generation[sdk=iphonesimulator*]" = YES;
				"INFOPLIST_KEY_UIApplicationSupportsIndirectInputEvents[sdk=iphoneos*]" = YES;
				"INFOPLIST_KEY_UIApplicationSupportsIndirectInputEvents[sdk=iphonesimulator*]" = YES;
				"INFOPLIST_KEY_UILaunchScreen_Generation[sdk=iphoneos*]" = YES;
				"INFOPLIST_KEY_UILaunchScreen_Generation[sdk=iphonesimulator*]" = YES;
				"INFOPLIST_KEY_UIStatusBarStyle[sdk=iphoneos*]" = UIStatusBarStyleDefault;
				"INFOPLIST_KEY_UIStatusBarStyle[sdk=iphonesimulator*]" = UIStatusBarStyleDefault;
				INFOPLIST_KEY_UISupportedInterfaceOrientations_iPad = "UIInterfaceOrientationPortrait UIInterfaceOrientationPortraitUpsideDown UIInterfaceOrientationLandscapeLeft UIInterfaceOrientationLandscapeRight";
				INFOPLIST_KEY_UISupportedInterfaceOrientations_iPhone = "UIInterfaceOrientationPortrait UIInterfaceOrientationLandscapeLeft UIInterfaceOrientationLandscapeRight";
				IPHONEOS_DEPLOYMENT_TARGET = 16.4;
				LD_RUNPATH_SEARCH_PATHS = "@executable_path/Frameworks";
				"LD_RUNPATH_SEARCH_PATHS[sdk=macosx*]" = "@executable_path/../Frameworks";
				MACOSX_DEPLOYMENT_TARGET = 13.3;
				MARKETING_VERSION = 1.0;
				PRODUCT_BUNDLE_IDENTIFIER = "${PRODUCT_BUNDLE_IDENTIFIER}";
				PRODUCT_NAME = "$(PRODUCT_NAME)";
				SDKROOT = auto;
				SUPPORTED_PLATFORMS = "iphoneos iphonesimulator macosx";
				SWIFT_EMIT_LOC_STRINGS = YES;
				SWIFT_VERSION = 5.0;
				TARGETED_DEVICE_FAMILY = "1,2";
				TARGET_NAME = "$(TARGET_NAME)";
			};
			name = Debug;
		};
		7BC0744B2A161694004937ED /* Release */ = {
			isa = XCBuildConfiguration;
			baseConfigurationReference = 7BC074532A1616B2004937ED /* Config.xcconfig */;
			buildSettings = {
				ASSETCATALOG_COMPILER_APPICON_NAME = "${ASSETCATALOG_COMPILER_APPICON_NAME}";
				ASSETCATALOG_COMPILER_GLOBAL_ACCENT_COLOR_NAME = AccentColor;
				CODE_SIGN_ENTITLEMENTS = RetailApp/RetailApp.entitlements;
				CODE_SIGN_STYLE = Automatic;
				CURRENT_PROJECT_VERSION = 1;
				DEVELOPMENT_ASSET_PATHS = "\"RetailApp/Preview Content\"";
				DEVELOPMENT_TEAM = 87TJZ5Q7TH;
				ENABLE_HARDENED_RUNTIME = YES;
				ENABLE_PREVIEWS = YES;
				GENERATE_INFOPLIST_FILE = YES;
				"INFOPLIST_KEY_UIApplicationSceneManifest_Generation[sdk=iphoneos*]" = YES;
				"INFOPLIST_KEY_UIApplicationSceneManifest_Generation[sdk=iphonesimulator*]" = YES;
				"INFOPLIST_KEY_UIApplicationSupportsIndirectInputEvents[sdk=iphoneos*]" = YES;
				"INFOPLIST_KEY_UIApplicationSupportsIndirectInputEvents[sdk=iphonesimulator*]" = YES;
				"INFOPLIST_KEY_UILaunchScreen_Generation[sdk=iphoneos*]" = YES;
				"INFOPLIST_KEY_UILaunchScreen_Generation[sdk=iphonesimulator*]" = YES;
				"INFOPLIST_KEY_UIStatusBarStyle[sdk=iphoneos*]" = UIStatusBarStyleDefault;
				"INFOPLIST_KEY_UIStatusBarStyle[sdk=iphonesimulator*]" = UIStatusBarStyleDefault;
				INFOPLIST_KEY_UISupportedInterfaceOrientations_iPad = "UIInterfaceOrientationPortrait UIInterfaceOrientationPortraitUpsideDown UIInterfaceOrientationLandscapeLeft UIInterfaceOrientationLandscapeRight";
				INFOPLIST_KEY_UISupportedInterfaceOrientations_iPhone = "UIInterfaceOrientationPortrait UIInterfaceOrientationLandscapeLeft UIInterfaceOrientationLandscapeRight";
				IPHONEOS_DEPLOYMENT_TARGET = 16.4;
				LD_RUNPATH_SEARCH_PATHS = "@executable_path/Frameworks";
				"LD_RUNPATH_SEARCH_PATHS[sdk=macosx*]" = "@executable_path/../Frameworks";
				MACOSX_DEPLOYMENT_TARGET = 13.3;
				MARKETING_VERSION = 1.0;
				PRODUCT_BUNDLE_IDENTIFIER = "${PRODUCT_BUNDLE_IDENTIFIER}";
				PRODUCT_NAME = "${PRODUCT_NAME}";
				SDKROOT = auto;
				SUPPORTED_PLATFORMS = "iphoneos iphonesimulator macosx";
				SWIFT_EMIT_LOC_STRINGS = YES;
				SWIFT_VERSION = 5.0;
				TARGETED_DEVICE_FAMILY = "1,2";
				TARGET_NAME = "$(TARGET_NAME)";
			};
			name = Release;
		};
		7BC0744D2A161694004937ED /* Debug */ = {
			isa = XCBuildConfiguration;
			buildSettings = {
				ALWAYS_EMBED_SWIFT_STANDARD_LIBRARIES = YES;
				BUNDLE_LOADER = "$(TEST_HOST)";
				CODE_SIGN_STYLE = Automatic;
				CURRENT_PROJECT_VERSION = 1;
				DEVELOPMENT_TEAM = 87TJZ5Q7TH;
				GENERATE_INFOPLIST_FILE = YES;
				IPHONEOS_DEPLOYMENT_TARGET = 16.4;
				MACOSX_DEPLOYMENT_TARGET = 13.3;
				MARKETING_VERSION = 1.0;
				PRODUCT_BUNDLE_IDENTIFIER = com.desktop.app.RetailAppTests;
				PRODUCT_NAME = "$(TARGET_NAME)";
				SDKROOT = auto;
				SUPPORTED_PLATFORMS = "iphoneos iphonesimulator macosx";
				SWIFT_EMIT_LOC_STRINGS = NO;
				SWIFT_VERSION = 5.0;
				TARGETED_DEVICE_FAMILY = "1,2";
				TEST_HOST = "$(BUILT_PRODUCTS_DIR)/RetailApp.app/$(BUNDLE_EXECUTABLE_FOLDER_PATH)/RetailApp";
			};
			name = Debug;
		};
		7BC0744E2A161694004937ED /* Release */ = {
			isa = XCBuildConfiguration;
			buildSettings = {
				ALWAYS_EMBED_SWIFT_STANDARD_LIBRARIES = YES;
				BUNDLE_LOADER = "$(TEST_HOST)";
				CODE_SIGN_STYLE = Automatic;
				CURRENT_PROJECT_VERSION = 1;
				DEVELOPMENT_TEAM = 87TJZ5Q7TH;
				GENERATE_INFOPLIST_FILE = YES;
				IPHONEOS_DEPLOYMENT_TARGET = 16.4;
				MACOSX_DEPLOYMENT_TARGET = 13.3;
				MARKETING_VERSION = 1.0;
				PRODUCT_BUNDLE_IDENTIFIER = com.desktop.app.RetailAppTests;
				PRODUCT_NAME = "$(TARGET_NAME)";
				SDKROOT = auto;
				SUPPORTED_PLATFORMS = "iphoneos iphonesimulator macosx";
				SWIFT_EMIT_LOC_STRINGS = NO;
				SWIFT_VERSION = 5.0;
				TARGETED_DEVICE_FAMILY = "1,2";
				TEST_HOST = "$(BUILT_PRODUCTS_DIR)/RetailApp.app/$(BUNDLE_EXECUTABLE_FOLDER_PATH)/RetailApp";
			};
			name = Release;
		};
		7BC074502A161694004937ED /* Debug */ = {
			isa = XCBuildConfiguration;
			buildSettings = {
				ALWAYS_EMBED_SWIFT_STANDARD_LIBRARIES = YES;
				CODE_SIGN_STYLE = Automatic;
				CURRENT_PROJECT_VERSION = 1;
				DEVELOPMENT_TEAM = 87TJZ5Q7TH;
				GENERATE_INFOPLIST_FILE = YES;
				IPHONEOS_DEPLOYMENT_TARGET = 16.4;
				MACOSX_DEPLOYMENT_TARGET = 13.3;
				MARKETING_VERSION = 1.0;
				PRODUCT_BUNDLE_IDENTIFIER = com.desktop.app.RetailAppUITests;
				PRODUCT_NAME = "$(TARGET_NAME)";
				SDKROOT = auto;
				SUPPORTED_PLATFORMS = "iphoneos iphonesimulator macosx";
				SWIFT_EMIT_LOC_STRINGS = NO;
				SWIFT_VERSION = 5.0;
				TARGETED_DEVICE_FAMILY = "1,2";
				TEST_TARGET_NAME = RetailApp;
			};
			name = Debug;
		};
		7BC074512A161694004937ED /* Release */ = {
			isa = XCBuildConfiguration;
			buildSettings = {
				ALWAYS_EMBED_SWIFT_STANDARD_LIBRARIES = YES;
				CODE_SIGN_STYLE = Automatic;
				CURRENT_PROJECT_VERSION = 1;
				DEVELOPMENT_TEAM = 87TJZ5Q7TH;
				GENERATE_INFOPLIST_FILE = YES;
				IPHONEOS_DEPLOYMENT_TARGET = 16.4;
				MACOSX_DEPLOYMENT_TARGET = 13.3;
				MARKETING_VERSION = 1.0;
				PRODUCT_BUNDLE_IDENTIFIER = com.desktop.app.RetailAppUITests;
				PRODUCT_NAME = "$(TARGET_NAME)";
				SDKROOT = auto;
				SUPPORTED_PLATFORMS = "iphoneos iphonesimulator macosx";
				SWIFT_EMIT_LOC_STRINGS = NO;
				SWIFT_VERSION = 5.0;
				TARGETED_DEVICE_FAMILY = "1,2";
				TEST_TARGET_NAME = RetailApp;
			};
			name = Release;
		};
/* End XCBuildConfiguration section */

/* Begin XCConfigurationList section */
		7BC0741F2A161693004937ED /* Build configuration list for PBXProject "RetailApp" */ = {
			isa = XCConfigurationList;
			buildConfigurations = (
				7BC074472A161694004937ED /* Debug */,
				7BC074482A161694004937ED /* Release */,
			);
			defaultConfigurationIsVisible = 0;
			defaultConfigurationName = Release;
		};
		7BC074492A161694004937ED /* Build configuration list for PBXNativeTarget "RetailApp" */ = {
			isa = XCConfigurationList;
			buildConfigurations = (
				7BC0744A2A161694004937ED /* Debug */,
				7BC0744B2A161694004937ED /* Release */,
			);
			defaultConfigurationIsVisible = 0;
			defaultConfigurationName = Release;
		};
		7BC0744C2A161694004937ED /* Build configuration list for PBXNativeTarget "RetailAppTests" */ = {
			isa = XCConfigurationList;
			buildConfigurations = (
				7BC0744D2A161694004937ED /* Debug */,
				7BC0744E2A161694004937ED /* Release */,
			);
			defaultConfigurationIsVisible = 0;
			defaultConfigurationName = Release;
		};
		7BC0744F2A161694004937ED /* Build configuration list for PBXNativeTarget "RetailAppUITests" */ = {
			isa = XCConfigurationList;
			buildConfigurations = (
				7BC074502A161694004937ED /* Debug */,
				7BC074512A161694004937ED /* Release */,
			);
			defaultConfigurationIsVisible = 0;
			defaultConfigurationName = Release;
		};
/* End XCConfigurationList section */
	};
	rootObject = 7BC0741C2A161693004937ED /* Project object */;
}
